
Microsoft Visual Studio Solution File, Format Version 12.00
# Visual Studio Version 17
VisualStudioVersion = 17.1.31911.260
MinimumVisualStudioVersion = 10.0.40219.1
Project("{FAE04EC0-301F-11D3-BF4B-00C04F79EFBC}") = "TranslucentExplorer", "TranslucentExplorer\TranslucentExplorer.csproj", "{5874AB9F-F539-4603-A394-48493AB4B39C}"
EndProject
Global
	GlobalSection(SolutionConfigurationPlatforms) = preSolution
		Debug|Any CPU = Debug|Any CPU
		Release|Any CPU = Release|Any CPU
	EndGlobalSection
	GlobalSection(ProjectConfigurationPlatforms) = postSolution
		{5874AB9F-F539-4603-A394-48493AB4B39C}.Debug|Any CPU.ActiveCfg = Debug|Any CPU
		{5874AB9F-F539-4603-A394-48493AB4B39C}.Debug|Any CPU.Build.0 = Debug|Any CPU
		{5874AB9F-F539-4603-A394-48493AB4B39C}.Release|Any CPU.ActiveCfg = Release|Any CPU
		{5874AB9F-F539-4603-A394-48493AB4B39C}.Release|Any CPU.Build.0 = Release|Any CPU
	EndGlobalSection
	GlobalSection(SolutionProperties) = preSolution
		HideSolutionNode = FALSE
	EndGlobalSection
	GlobalSection(ExtensibilityGlobals) = postSolution
		SolutionGuid = {AE69F8FA-4FB5-4FAF-8FD7-B68C276F4186}
	EndGlobalSection
EndGlobal
